{
  "version": "3",
  "packages": {
    "specifiers": {
      "npm:@apibara/protocol@0.4.9": "npm:@apibara/protocol@0.4.9",
      "npm:@apibara/starknet@0.4.0": "npm:@apibara/starknet@0.4.0",
      "npm:@prisma/client@5.12.1": "npm:@prisma/client@5.12.1",
      "npm:dotenv@16.4.5": "npm:dotenv@16.4.5"
    },
    "npm": {
      "@apibara/protocol@0.4.9": {
        "integrity": "sha512-RTpZ9u8zmDHbgMYDO47lnJlGxUrfCjKUGZ10SmicoN7OkNyAWmVGrwXZYfQJMw81bSObet7vU76iQ1HznyiySA==",
        "dependencies": {
          "@grpc/grpc-js": "@grpc/grpc-js@1.10.10",
          "@grpc/proto-loader": "@grpc/proto-loader@0.7.13",
          "google-protobuf": "google-protobuf@3.21.2",
          "long": "long@5.2.3",
          "protobufjs": "protobufjs@7.3.2"
        }
      },
      "@apibara/starknet@0.4.0": {
        "integrity": "sha512-iYPrVgiH6qjgjr5nJXSElGp9ba/NvwAeXYOzIM0+udAUh0mNn9xSpWVAo44n8S3wfKWw8fIOEhZ36riiNS8ryw==",
        "dependencies": {
          "google-protobuf": "google-protobuf@3.21.2",
          "long": "long@5.2.3",
          "protobufjs": "protobufjs@7.3.2"
        }
      },
      "@grpc/grpc-js@1.10.10": {
        "integrity": "sha512-HPa/K5NX6ahMoeBv15njAc/sfF4/jmiXLar9UlC2UfHFKZzsCVLc3wbe7+7qua7w9VPh2/L6EBxyAV7/E8Wftg==",
        "dependencies": {
          "@grpc/proto-loader": "@grpc/proto-loader@0.7.13",
          "@js-sdsl/ordered-map": "@js-sdsl/ordered-map@4.4.2"
        }
      },
      "@grpc/proto-loader@0.7.13": {
        "integrity": "sha512-AiXO/bfe9bmxBjxxtYxFAXGZvMaN5s8kO+jBHAJCON8rJoB5YS/D6X7ZNc6XQkuHNmyl4CYaMI1fJ/Gn27RGGw==",
        "dependencies": {
          "lodash.camelcase": "lodash.camelcase@4.3.0",
          "long": "long@5.2.3",
          "protobufjs": "protobufjs@7.3.2",
          "yargs": "yargs@17.7.2"
        }
      },
      "@js-sdsl/ordered-map@4.4.2": {
        "integrity": "sha512-iUKgm52T8HOE/makSxjqoWhe95ZJA1/G1sYsGev2JDKUSS14KAgg1LHb+Ba+IPow0xflbnSkOsZcO08C7w1gYw==",
        "dependencies": {}
      },
      "@prisma/client@5.12.1": {
        "integrity": "sha512-6/JnizEdlSBxDIdiLbrBdMW5NqDxOmhXAJaNXiPpgzAPr/nLZResT6MMpbOHLo5yAbQ1Vv5UU8PTPRzb0WIxdA==",
        "dependencies": {}
      },
      "@protobufjs/aspromise@1.1.2": {
        "integrity": "sha512-j+gKExEuLmKwvz3OgROXtrJ2UG2x8Ch2YZUxahh+s1F2HZ+wAceUNLkvy6zKCPVRkU++ZWQrdxsUeQXmcg4uoQ==",
        "dependencies": {}
      },
      "@protobufjs/base64@1.1.2": {
        "integrity": "sha512-AZkcAA5vnN/v4PDqKyMR5lx7hZttPDgClv83E//FMNhR2TMcLUhfRUBHCmSl0oi9zMgDDqRUJkSxO3wm85+XLg==",
        "dependencies": {}
      },
      "@protobufjs/codegen@2.0.4": {
        "integrity": "sha512-YyFaikqM5sH0ziFZCN3xDC7zeGaB/d0IUb9CATugHWbd1FRFwWwt4ld4OYMPWu5a3Xe01mGAULCdqhMlPl29Jg==",
        "dependencies": {}
      },
      "@protobufjs/eventemitter@1.1.0": {
        "integrity": "sha512-j9ednRT81vYJ9OfVuXG6ERSTdEL1xVsNgqpkxMsbIabzSo3goCjDIveeGv5d03om39ML71RdmrGNjG5SReBP/Q==",
        "dependencies": {}
      },
      "@protobufjs/fetch@1.1.0": {
        "integrity": "sha512-lljVXpqXebpsijW71PZaCYeIcE5on1w5DlQy5WH6GLbFryLUrBD4932W/E2BSpfRJWseIL4v/KPgBFxDOIdKpQ==",
        "dependencies": {
          "@protobufjs/aspromise": "@protobufjs/aspromise@1.1.2",
          "@protobufjs/inquire": "@protobufjs/inquire@1.1.0"
        }
      },
      "@protobufjs/float@1.0.2": {
        "integrity": "sha512-Ddb+kVXlXst9d+R9PfTIxh1EdNkgoRe5tOX6t01f1lYWOvJnSPDBlG241QLzcyPdoNTsblLUdujGSE4RzrTZGQ==",
        "dependencies": {}
      },
      "@protobufjs/inquire@1.1.0": {
        "integrity": "sha512-kdSefcPdruJiFMVSbn801t4vFK7KB/5gd2fYvrxhuJYg8ILrmn9SKSX2tZdV6V+ksulWqS7aXjBcRXl3wHoD9Q==",
        "dependencies": {}
      },
      "@protobufjs/path@1.1.2": {
        "integrity": "sha512-6JOcJ5Tm08dOHAbdR3GrvP+yUUfkjG5ePsHYczMFLq3ZmMkAD98cDgcT2iA1lJ9NVwFd4tH/iSSoe44YWkltEA==",
        "dependencies": {}
      },
      "@protobufjs/pool@1.1.0": {
        "integrity": "sha512-0kELaGSIDBKvcgS4zkjz1PeddatrjYcmMWOlAuAPwAeccUrPHdUqo/J6LiymHHEiJT5NrF1UVwxY14f+fy4WQw==",
        "dependencies": {}
      },
      "@protobufjs/utf8@1.1.0": {
        "integrity": "sha512-Vvn3zZrhQZkkBE8LSuW3em98c0FwgO4nxzv6OdSxPKJIEKY2bGbHn+mhGIPerzI4twdxaP8/0+06HBpwf345Lw==",
        "dependencies": {}
      },
      "@types/node@18.16.19": {
        "integrity": "sha512-IXl7o+R9iti9eBW4Wg2hx1xQDig183jj7YLn8F7udNceyfkbn1ZxmzZXuak20gR40D7pIkIY1kYGx5VIGbaHKA==",
        "dependencies": {}
      },
      "ansi-regex@5.0.1": {
        "integrity": "sha512-quJQXlTSUGL2LH9SUXo8VwsY4soanhgo6LNSm84E1LBcE8s3O0wpdiRzyR9z/ZZJMlMWv37qOOb9pdJlMUEKFQ==",
        "dependencies": {}
      },
      "ansi-styles@4.3.0": {
        "integrity": "sha512-zbB9rCJAT1rbjiVDb2hqKFHNYLxgtk8NURxZ3IZwD3F6NtxbXZQCnnSi1Lkx+IDohdPlFp222wVALIheZJQSEg==",
        "dependencies": {
          "color-convert": "color-convert@2.0.1"
        }
      },
      "cliui@8.0.1": {
        "integrity": "sha512-BSeNnyus75C4//NQ9gQt1/csTXyo/8Sb+afLAkzAptFuMsod9HFokGNudZpi/oQV73hnVK+sR+5PVRMd+Dr7YQ==",
        "dependencies": {
          "string-width": "string-width@4.2.3",
          "strip-ansi": "strip-ansi@6.0.1",
          "wrap-ansi": "wrap-ansi@7.0.0"
        }
      },
      "color-convert@2.0.1": {
        "integrity": "sha512-RRECPsj7iu/xb5oKYcsFHSppFNnsj/52OVTRKb4zP5onXwVF3zVmmToNcOfGC+CRDpfK/U584fMg38ZHCaElKQ==",
        "dependencies": {
          "color-name": "color-name@1.1.4"
        }
      },
      "color-name@1.1.4": {
        "integrity": "sha512-dOy+3AuW3a2wNbZHIuMZpTcgjGuLU/uBL/ubcZF9OXbDo8ff4O8yVp5Bf0efS8uEoYo5q4Fx7dY9OgQGXgAsQA==",
        "dependencies": {}
      },
      "dotenv@16.4.5": {
        "integrity": "sha512-ZmdL2rui+eB2YwhsWzjInR8LldtZHGDoQ1ugH85ppHKwpUHL7j7rN0Ti9NCnGiQbhaZ11FpR+7ao1dNsmduNUg==",
        "dependencies": {}
      },
      "emoji-regex@8.0.0": {
        "integrity": "sha512-MSjYzcWNOA0ewAHpz0MxpYFvwg6yjy1NG3xteoqz644VCo/RPgnr1/GGt+ic3iJTzQ8Eu3TdM14SawnVUmGE6A==",
        "dependencies": {}
      },
      "escalade@3.1.2": {
        "integrity": "sha512-ErCHMCae19vR8vQGe50xIsVomy19rg6gFu3+r3jkEO46suLMWBksvVyoGgQV+jOfl84ZSOSlmv6Gxa89PmTGmA==",
        "dependencies": {}
      },
      "get-caller-file@2.0.5": {
        "integrity": "sha512-DyFP3BM/3YHTQOCUL/w0OZHR0lpKeGrxotcHWcqNEdnltqFwXVfhEBQ94eIo34AfQpo0rGki4cyIiftY06h2Fg==",
        "dependencies": {}
      },
      "google-protobuf@3.21.2": {
        "integrity": "sha512-3MSOYFO5U9mPGikIYCzK0SaThypfGgS6bHqrUGXG3DPHCrb+txNqeEcns1W0lkGfk0rCyNXm7xB9rMxnCiZOoA==",
        "dependencies": {}
      },
      "is-fullwidth-code-point@3.0.0": {
        "integrity": "sha512-zymm5+u+sCsSWyD9qNaejV3DFvhCKclKdizYaJUuHA83RLjb7nSuGnddCHGv0hk+KY7BMAlsWeK4Ueg6EV6XQg==",
        "dependencies": {}
      },
      "lodash.camelcase@4.3.0": {
        "integrity": "sha512-TwuEnCnxbc3rAvhf/LbG7tJUDzhqXyFnv3dtzLOPgCG/hODL7WFnsbwktkD7yUV0RrreP/l1PALq/YSg6VvjlA==",
        "dependencies": {}
      },
      "long@5.2.3": {
        "integrity": "sha512-lcHwpNoggQTObv5apGNCTdJrO69eHOZMi4BNC+rTLER8iHAqGrUVeLh/irVIM7zTw2bOXA8T6uNPeujwOLg/2Q==",
        "dependencies": {}
      },
      "protobufjs@7.3.2": {
        "integrity": "sha512-RXyHaACeqXeqAKGLDl68rQKbmObRsTIn4TYVUUug1KfS47YWCo5MacGITEryugIgZqORCvJWEk4l449POg5Txg==",
        "dependencies": {
          "@protobufjs/aspromise": "@protobufjs/aspromise@1.1.2",
          "@protobufjs/base64": "@protobufjs/base64@1.1.2",
          "@protobufjs/codegen": "@protobufjs/codegen@2.0.4",
          "@protobufjs/eventemitter": "@protobufjs/eventemitter@1.1.0",
          "@protobufjs/fetch": "@protobufjs/fetch@1.1.0",
          "@protobufjs/float": "@protobufjs/float@1.0.2",
          "@protobufjs/inquire": "@protobufjs/inquire@1.1.0",
          "@protobufjs/path": "@protobufjs/path@1.1.2",
          "@protobufjs/pool": "@protobufjs/pool@1.1.0",
          "@protobufjs/utf8": "@protobufjs/utf8@1.1.0",
          "@types/node": "@types/node@18.16.19",
          "long": "long@5.2.3"
        }
      },
      "require-directory@2.1.1": {
        "integrity": "sha512-fGxEI7+wsG9xrvdjsrlmL22OMTTiHRwAMroiEeMgq8gzoLC/PQr7RsRDSTLUg/bZAZtF+TVIkHc6/4RIKrui+Q==",
        "dependencies": {}
      },
      "string-width@4.2.3": {
        "integrity": "sha512-wKyQRQpjJ0sIp62ErSZdGsjMJWsap5oRNihHhu6G7JVO/9jIB6UyevL+tXuOqrng8j/cxKTWyWUwvSTriiZz/g==",
        "dependencies": {
          "emoji-regex": "emoji-regex@8.0.0",
          "is-fullwidth-code-point": "is-fullwidth-code-point@3.0.0",
          "strip-ansi": "strip-ansi@6.0.1"
        }
      },
      "strip-ansi@6.0.1": {
        "integrity": "sha512-Y38VPSHcqkFrCpFnQ9vuSXmquuv5oXOKpGeT6aGrr3o3Gc9AlVa6JBfUSOCnbxGGZF+/0ooI7KrPuUSztUdU5A==",
        "dependencies": {
          "ansi-regex": "ansi-regex@5.0.1"
        }
      },
      "wrap-ansi@7.0.0": {
        "integrity": "sha512-YVGIj2kamLSTxw6NsZjoBxfSwsn0ycdesmc4p+Q21c5zPuZ1pl+NfxVdxPtdHvmNVOQ6XSYG4AUtyt/Fi7D16Q==",
        "dependencies": {
          "ansi-styles": "ansi-styles@4.3.0",
          "string-width": "string-width@4.2.3",
          "strip-ansi": "strip-ansi@6.0.1"
        }
      },
      "y18n@5.0.8": {
        "integrity": "sha512-0pfFzegeDWJHJIAmTLRP2DwHjdF5s7jo9tuztdQxAhINCdvS+3nGINqPd00AphqJR/0LhANUS6/+7SCb98YOfA==",
        "dependencies": {}
      },
      "yargs-parser@21.1.1": {
        "integrity": "sha512-tVpsJW7DdjecAiFpbIB1e3qxIQsE6NoPc5/eTdrbbIC4h0LVsWhnoa3g+m2HclBIujHzsxZ4VJVA+GUuc2/LBw==",
        "dependencies": {}
      },
      "yargs@17.7.2": {
        "integrity": "sha512-7dSzzRQ++CKnNI/krKnYRV7JKKPUXMEh61soaHKg9mrWEhzFWhFnxPxGl+69cD1Ou63C13NUPCnmIcrvqCuM6w==",
        "dependencies": {
          "cliui": "cliui@8.0.1",
          "escalade": "escalade@3.1.2",
          "get-caller-file": "get-caller-file@2.0.5",
          "require-directory": "require-directory@2.1.1",
          "string-width": "string-width@4.2.3",
          "y18n": "y18n@5.0.8",
          "yargs-parser": "yargs-parser@21.1.1"
        }
      }
    }
  },
  "redirects": {
    "https://esm.run/long@latest": "https://cdn.jsdelivr.net/npm/long@latest/+esm",
    "https://esm.run/long@latest/dist/index.js": "https://cdn.jsdelivr.net/npm/long@latest/dist/index.js/+esm",
    "https://esm.run/starknet@5.29.0": "https://cdn.jsdelivr.net/npm/starknet@5.29.0/+esm",
    "https://esm.run/starknet@next": "https://cdn.jsdelivr.net/npm/starknet@next/+esm"
  },
  "remote": {
    "https://cdn.jsdelivr.net/npm/@noble/curves@1.3.0/_shortw_utils/+esm": "35fba6dd49f0771521bbea989d72eb02b9ddf290dd51b2d90b9a7dd838fd165b",
    "https://cdn.jsdelivr.net/npm/@noble/curves@1.3.0/abstract/modular/+esm": "118ef9596b454ec0877057393a8f49a6e267e73972cdd6256846e83c0cec7c55",
    "https://cdn.jsdelivr.net/npm/@noble/curves@1.3.0/abstract/poseidon/+esm": "41d0219359a1e97df4afa3d5e192cf821766224b83b6e583b8b83f2ea8938a8e",
    "https://cdn.jsdelivr.net/npm/@noble/curves@1.3.0/abstract/utils/+esm": "115ee0569d53984378c9f1554da5185e570a35d88dbef4407f515b40ba9dbe71",
    "https://cdn.jsdelivr.net/npm/@noble/curves@1.3.0/abstract/weierstrass/+esm": "1e72a948e1f707365550f8b725b7aab1ff6a69f590341ee2bd96f78389d888be",
    "https://cdn.jsdelivr.net/npm/@noble/curves@1.4.2/abstract/poseidon/+esm": "d626655ae0e824fa40759b6ab1e7f96c14788df8f15ae631fe3eb0e4359d4cfa",
    "https://cdn.jsdelivr.net/npm/@noble/curves@1.4.2/abstract/utils/+esm": "167f2f1b9171168aaedfdbfd4f9e02d928635efbdd3d2c8591d28ff8329fd46a",
    "https://cdn.jsdelivr.net/npm/@noble/curves@1.4.2/abstract/weierstrass/+esm": "5362565d8c884916dde730d285d6d0d03cd9fd01e12c2c00774b2bf496f51bc7",
    "https://cdn.jsdelivr.net/npm/@noble/curves@1.4.2/secp256k1/+esm": "8ac8cf029a89a617180d6b322ba611fec02adf99992ca60f2740e4a22c3d0c14",
    "https://cdn.jsdelivr.net/npm/@noble/hashes@1.3.3/crypto/+esm": "15f52d8597022b140d1e29ae210e2b455e00f819a4a6373a507cf8d2157b7f7d",
    "https://cdn.jsdelivr.net/npm/@noble/hashes@1.3.3/hmac/+esm": "680e5d0ef2c9340bf8751e37f8707436cce5d2ce563c4152760255eb8a775b3e",
    "https://cdn.jsdelivr.net/npm/@noble/hashes@1.3.3/sha256/+esm": "bc0d3b4464c713b81b4bf8e0c56505d5e47af740159aeea5dccb0ced73683cdb",
    "https://cdn.jsdelivr.net/npm/@noble/hashes@1.3.3/sha3/+esm": "6898e7551abd42cd8555235bc697d48a90701030125ac81b7e3bbdd80b49e255",
    "https://cdn.jsdelivr.net/npm/@noble/hashes@1.3.3/utils/+esm": "f60d9519b44988896f7727ec832cf568bc28b8b38487f64fa12944286331d91d",
    "https://cdn.jsdelivr.net/npm/@noble/hashes@1.4.0/crypto/+esm": "0b40c126630232ec1e7770bb8a2351551290bbc92f90b93155e12ff0c7756a0e",
    "https://cdn.jsdelivr.net/npm/@noble/hashes@1.4.0/hmac/+esm": "7241c44dd03cd3913ed378874b7aa4d00a42fe47eab4f3e33d51cb4efb6fd14a",
    "https://cdn.jsdelivr.net/npm/@noble/hashes@1.4.0/sha256/+esm": "f9928165d75aeca22ca1f77cd3335f401350186d91cbed52f4fea97f6caf1331",
    "https://cdn.jsdelivr.net/npm/@noble/hashes@1.4.0/sha3/+esm": "e91495608e3986003bfff1eea93a485551ba9f030947102a995cdb662325bf4d",
    "https://cdn.jsdelivr.net/npm/@noble/hashes@1.4.0/utils/+esm": "d3ba1cc0e958b3f139c06e343fa7b1231c94a3da123b855790a217d43f264c65",
    "https://cdn.jsdelivr.net/npm/@scure/base@1.1.7/+esm": "f246a8af1b84317f97d7715d664f1006f2094ce4aeade961fb388e15e6b69f60",
    "https://cdn.jsdelivr.net/npm/@scure/starknet@1.0.0/+esm": "4ac062cedf2f85332fe5e2c44525330e85f898d8423395d4b734eeae20580a43",
    "https://cdn.jsdelivr.net/npm/fetch-cookie@3.0.1/+esm": "1c84773965262838f8f621fab860293e4a588db321571785894699cadd1b7fec",
    "https://cdn.jsdelivr.net/npm/isomorphic-fetch@3.0.0/+esm": "545ed3b7bda86a6e2691d78fc1ae99327503002363e5ed2f3eab3a75e2c7270a",
    "https://cdn.jsdelivr.net/npm/long@latest/+esm": "962a92d2e725f9b92b95b3ab21f0429709dc5a2e936fbf11899212cf03a6a357",
    "https://cdn.jsdelivr.net/npm/lossless-json@2.0.11/+esm": "42a90a931dbece4dbc3dc829e5288aeb37947afdc6dedbffb5f64e9063142636",
    "https://cdn.jsdelivr.net/npm/lossless-json@4.0.1/+esm": "c096e0eac42d91a3dccef5521c3caad751d9a790b64d43129f877d1952198062",
    "https://cdn.jsdelivr.net/npm/pako@2.1.0/+esm": "0bef997ecc0d58611840adc3627e704b65b00921ab14a1d5d33d24915309e992",
    "https://cdn.jsdelivr.net/npm/psl@1.9.0/+esm": "052f5c709d7c59512b12864e46217f3525f2d1c0126353d804a10bf0ba753b57",
    "https://cdn.jsdelivr.net/npm/punycode@2.3.1/+esm": "bd6fbfa8573c99a0e56920aca580292bb5c43add90ad61d5c5bf7db3dd57aeee",
    "https://cdn.jsdelivr.net/npm/querystringify@2.2.0/+esm": "8b75ecac1ee527892cbc1b97ffbfc38f025dfc754528dc67a2f243f844b2b758",
    "https://cdn.jsdelivr.net/npm/requires-port@1.0.0/+esm": "b0f6eec550e529f230ba745212e519cf1cd784e856b2d657e1f9c479f3fae330",
    "https://cdn.jsdelivr.net/npm/set-cookie-parser@2.6.0/+esm": "05c25ea2e76ce6f67b7ca4e47c66208352ca939773e4b09f1a53d81d1a610b3b",
    "https://cdn.jsdelivr.net/npm/starknet@5.29.0/+esm": "19abab3a9e1c43e423d2f0ee1aa3ed2e9557937848d4f520f072d6c06774274b",
    "https://cdn.jsdelivr.net/npm/starknet@next/+esm": "35b8d1fbfe3f9fe137e549d2b42871383640276e1fe08baa7f462ccdf6ef2fdd",
    "https://cdn.jsdelivr.net/npm/tough-cookie@4.1.4/+esm": "a04074f894759e93ea0d7e49cc1a3178ed04dcb3b02a846b1932f8baac72fb10",
    "https://cdn.jsdelivr.net/npm/ts-mixer@6.0.4/+esm": "342f2433b1ad75f75c28735eec26e70b193f655c3c49ca621f0f663a61a95449",
    "https://cdn.jsdelivr.net/npm/universalify@0.2.0/+esm": "6d9f0c62752696351c6c83bed591d4de06b13979a4ec5cc9e32e32a7c1eecd7e",
    "https://cdn.jsdelivr.net/npm/url-join@4.0.1/+esm": "e4a9312dfcd36659a3a2d46ec7ef1886b83cb05d31a0364ee794284dc0743a9d",
    "https://cdn.jsdelivr.net/npm/url-parse@1.5.10/+esm": "77c1ff9d1ead486433568e19102c73c2064974eaae26e5837dec097da725dffb",
    "https://cdn.jsdelivr.net/npm/whatwg-fetch@3.6.20/+esm": "18042729f92c75f43dfe547165f79a6075c7e5d36584f1fc40f028a3dfd14dc3"
  },
  "workspace": {
    "packageJson": {
      "dependencies": [
        "npm:@apibara/protocol@0.4.9",
        "npm:@apibara/starknet@0.4.0",
        "npm:@apollo/server@^4.11.0",
        "npm:@eslint/js@9.0.0",
        "npm:@graphql-codegen/cli@5.0.2",
        "npm:@graphql-codegen/typescript-resolvers@4.2.1",
        "npm:@graphql-codegen/typescript@4.0.9",
        "npm:@prisma/client@5.12.1",
        "npm:apollo-server@3.13.0",
        "npm:browserify@17.0.0",
        "npm:dotenv@16.4.5",
        "npm:eslint-config-airbnb@19.0.4",
        "npm:eslint-plugin-import@2.25.3",
        "npm:eslint-plugin-jsx-a11y@6.5.1",
        "npm:eslint-plugin-react-hooks@4.3.0",
        "npm:eslint-plugin-react@7.28.0",
        "npm:eslint-plugin-unused-imports@3.1.0",
        "npm:eslint@9.0.0",
        "npm:graphql-fields@^2.0.3",
        "npm:graphql-scalars@^1.23.0",
        "npm:graphql@16.9.0",
        "npm:parquets@0.10.10",
        "npm:prisma@5.18.0",
        "npm:reflect-metadata@^0.2.2",
        "npm:starknet@6.7.0",
        "npm:sucrase@3.35.0",
        "npm:ts-node@10.9.1",
        "npm:tsify@5.0.4",
        "npm:tslib@2.6.3",
        "npm:tsx@4.9.1",
        "npm:type-graphql@^2.0.0-rc.2",
        "npm:typegraphql-prisma@0.28.0",
        "npm:typescript-eslint@7.6.0",
        "npm:typescript@5.4.5"
      ]
    }
  }
}
